
Microsoft Visual Studio Solution File, Format Version 12.00
# Visual Studio Version 17
VisualStudioVersion = 17.4.33110.190
MinimumVisualStudioVersion = 10.0.40219.1
Project("{FAE04EC0-301F-11D3-BF4B-00C04F79EFBC}") = "ProjectIcarus", "ProjectIcarus\ProjectIcarus.csproj", "{CFBC5E38-2AF1-48F6-84CD-A5FA6FF3650D}"
EndProject
Global
	GlobalSection(SolutionConfigurationPlatforms) = preSolution
		Debug|Any CPU = Debug|Any CPU
		Release|Any CPU = Release|Any CPU
	EndGlobalSection
	GlobalSection(ProjectConfigurationPlatforms) = postSolution
		{CFBC5E38-2AF1-48F6-84CD-A5FA6FF3650D}.Debug|Any CPU.ActiveCfg = Debug|Any CPU
		{CFBC5E38-2AF1-48F6-84CD-A5FA6FF3650D}.Debug|Any CPU.Build.0 = Debug|Any CPU
		{CFBC5E38-2AF1-48F6-84CD-A5FA6FF3650D}.Release|Any CPU.ActiveCfg = Release|Any CPU
		{CFBC5E38-2AF1-48F6-84CD-A5FA6FF3650D}.Release|Any CPU.Build.0 = Release|Any CPU
	EndGlobalSection
	GlobalSection(SolutionProperties) = preSolution
		HideSolutionNode = FALSE
	EndGlobalSection
	GlobalSection(ExtensibilityGlobals) = postSolution
		SolutionGuid = {F94AE937-9473-414A-97CC-A9061E168514}
	EndGlobalSection
EndGlobal
